// !$*UTF8*$!
{
	archiveVersion = 1;
	classes = {
	};
	objectVersion = 56;
	objects = {

/* Begin PBXBuildFile section */
		8418E78F08B939FFC086E3D7 /* Pods_ZeotapTravelExplorer.framework in Frameworks */ = {isa = PBXBuildFile; fileRef = 7A024C2139EABBDE90965BC2 /* Pods_ZeotapTravelExplorer.framework */; };
		AA000001 /* AppDelegate.swift in Sources */ = {isa = PBXBuildFile; fileRef = AA100001 /* AppDelegate.swift */; };
		AA000002 /* ConsentViewController.swift in Sources */ = {isa = PBXBuildFile; fileRef = AA100002 /* ConsentViewController.swift */; };
		AA000003 /* LoginViewController.swift in Sources */ = {isa = PBXBuildFile; fileRef = AA100003 /* LoginViewController.swift */; };
		AA000004 /* CategoryViewController.swift in Sources */ = {isa = PBXBuildFile; fileRef = AA100004 /* CategoryViewController.swift */; };
		AA000005 /* PlaceListViewController.swift in Sources */ = {isa = PBXBuildFile; fileRef = AA100005 /* PlaceListViewController.swift */; };
		AA000006 /* PlaceDetailViewController.swift in Sources */ = {isa = PBXBuildFile; fileRef = AA100006 /* PlaceDetailViewController.swift */; };
		AA000007 /* Category.swift in Sources */ = {isa = PBXBuildFile; fileRef = AA100007 /* Category.swift */; };
		AA000008 /* Place.swift in Sources */ = {isa = PBXBuildFile; fileRef = AA100008 /* Place.swift */; };
		AA000009 /* TravelData.swift in Sources */ = {isa = PBXBuildFile; fileRef = AA100009 /* TravelData.swift */; };
		AA000010 /* CategoryCell.swift in Sources */ = {isa = PBXBuildFile; fileRef = AA100010 /* CategoryCell.swift */; };
		AA000011 /* PlaceCell.swift in Sources */ = {isa = PBXBuildFile; fileRef = AA100011 /* PlaceCell.swift */; };
		AA000012 /* Assets.xcassets in Resources */ = {isa = PBXBuildFile; fileRef = AA100012 /* Assets.xcassets */; };
/* End PBXBuildFile section */

/* Begin PBXFileReference section */
		16CF27F8CBF4E28774A7EAD0 /* Pods-ZeotapTravelExplorer.release.xcconfig */ = {isa = PBXFileReference; includeInIndex = 1; lastKnownFileType = text.xcconfig; name = "Pods-ZeotapTravelExplorer.release.xcconfig"; path = "Target Support Files/Pods-ZeotapTravelExplorer/Pods-ZeotapTravelExplorer.release.xcconfig"; sourceTree = "<group>"; };
		769D93310EB279BAB058AF9C /* Pods-ZeotapTravelExplorer.debug.xcconfig */ = {isa = PBXFileReference; includeInIndex = 1; lastKnownFileType = text.xcconfig; name = "Pods-ZeotapTravelExplorer.debug.xcconfig"; path = "Target Support Files/Pods-ZeotapTravelExplorer/Pods-ZeotapTravelExplorer.debug.xcconfig"; sourceTree = "<group>"; };
		7A024C2139EABBDE90965BC2 /* Pods_ZeotapTravelExplorer.framework */ = {isa = PBXFileReference; explicitFileType = wrapper.framework; includeInIndex = 0; path = Pods_ZeotapTravelExplorer.framework; sourceTree = BUILT_PRODUCTS_DIR; };
		AA100001 /* AppDelegate.swift */ = {isa = PBXFileReference; lastKnownFileType = sourcecode.swift; path = AppDelegate.swift; sourceTree = "<group>"; };
		AA100002 /* ConsentViewController.swift */ = {isa = PBXFileReference; lastKnownFileType = sourcecode.swift; path = ConsentViewController.swift; sourceTree = "<group>"; };
		AA100003 /* LoginViewController.swift */ = {isa = PBXFileReference; lastKnownFileType = sourcecode.swift; path = LoginViewController.swift; sourceTree = "<group>"; };
		AA100004 /* CategoryViewController.swift */ = {isa = PBXFileReference; lastKnownFileType = sourcecode.swift; path = CategoryViewController.swift; sourceTree = "<group>"; };
		AA100005 /* PlaceListViewController.swift */ = {isa = PBXFileReference; lastKnownFileType = sourcecode.swift; path = PlaceListViewController.swift; sourceTree = "<group>"; };
		AA100006 /* PlaceDetailViewController.swift */ = {isa = PBXFileReference; lastKnownFileType = sourcecode.swift; path = PlaceDetailViewController.swift; sourceTree = "<group>"; };
		AA100007 /* Category.swift */ = {isa = PBXFileReference; lastKnownFileType = sourcecode.swift; path = Category.swift; sourceTree = "<group>"; };
		AA100008 /* Place.swift */ = {isa = PBXFileReference; lastKnownFileType = sourcecode.swift; path = Place.swift; sourceTree = "<group>"; };
		AA100009 /* TravelData.swift */ = {isa = PBXFileReference; lastKnownFileType = sourcecode.swift; path = TravelData.swift; sourceTree = "<group>"; };
		AA100010 /* CategoryCell.swift */ = {isa = PBXFileReference; lastKnownFileType = sourcecode.swift; path = CategoryCell.swift; sourceTree = "<group>"; };
		AA100011 /* PlaceCell.swift */ = {isa = PBXFileReference; lastKnownFileType = sourcecode.swift; path = PlaceCell.swift; sourceTree = "<group>"; };
		AA100012 /* Assets.xcassets */ = {isa = PBXFileReference; lastKnownFileType = folder.assetcatalog; path = Assets.xcassets; sourceTree = "<group>"; };
		AA100013 /* Info.plist */ = {isa = PBXFileReference; lastKnownFileType = text.plist.xml; path = Info.plist; sourceTree = "<group>"; };
		AA200001 /* ZeotapTravelExplorer.app */ = {isa = PBXFileReference; explicitFileType = wrapper.application; includeInIndex = 0; path = ZeotapTravelExplorer.app; sourceTree = BUILT_PRODUCTS_DIR; };
/* End PBXFileReference section */

/* Begin PBXFrameworksBuildPhase section */
		AA300001 /* Frameworks */ = {
			isa = PBXFrameworksBuildPhase;
			buildActionMask = 2147483647;
			files = (
				8418E78F08B939FFC086E3D7 /* Pods_ZeotapTravelExplorer.framework in Frameworks */,
			);
			runOnlyForDeploymentPostprocessing = 0;
		};
/* End PBXFrameworksBuildPhase section */

/* Begin PBXGroup section */
		135DD0FF691B8E297CC95C04 /* Pods */ = {
			isa = PBXGroup;
			children = (
				769D93310EB279BAB058AF9C /* Pods-ZeotapTravelExplorer.debug.xcconfig */,
				16CF27F8CBF4E28774A7EAD0 /* Pods-ZeotapTravelExplorer.release.xcconfig */,
			);
			path = Pods;
			sourceTree = "<group>";
		};
		AA400001 = {
			isa = PBXGroup;
			children = (
				AA400002 /* ZeotapTravelExplorer */,
				AA400008 /* Products */,
				135DD0FF691B8E297CC95C04 /* Pods */,
				F0ECD7BBB756F54F938F6DC8 /* Frameworks */,
			);
			sourceTree = "<group>";
		};
		AA400002 /* ZeotapTravelExplorer */ = {
			isa = PBXGroup;
			children = (
				AA100001 /* AppDelegate.swift */,
				AA400003 /* Models */,
				AA400004 /* Data */,
				AA400005 /* Controllers */,
				AA400006 /* Views */,
				AA100012 /* Assets.xcassets */,
				AA100013 /* Info.plist */,
			);
			path = ZeotapTravelExplorer;
			sourceTree = "<group>";
		};
		AA400003 /* Models */ = {
			isa = PBXGroup;
			children = (
				AA100007 /* Category.swift */,
				AA100008 /* Place.swift */,
			);
			path = Models;
			sourceTree = "<group>";
		};
		AA400004 /* Data */ = {
			isa = PBXGroup;
			children = (
				AA100009 /* TravelData.swift */,
			);
			path = Data;
			sourceTree = "<group>";
		};
		AA400005 /* Controllers */ = {
			isa = PBXGroup;
			children = (
				AA100002 /* ConsentViewController.swift */,
				AA100003 /* LoginViewController.swift */,
				AA100004 /* CategoryViewController.swift */,
				AA100005 /* PlaceListViewController.swift */,
				AA100006 /* PlaceDetailViewController.swift */,
			);
			path = Controllers;
			sourceTree = "<group>";
		};
		AA400006 /* Views */ = {
			isa = PBXGroup;
			children = (
				AA100010 /* CategoryCell.swift */,
				AA100011 /* PlaceCell.swift */,
			);
			path = Views;
			sourceTree = "<group>";
		};
		AA400008 /* Products */ = {
			isa = PBXGroup;
			children = (
				AA200001 /* ZeotapTravelExplorer.app */,
			);
			name = Products;
			sourceTree = "<group>";
		};
		F0ECD7BBB756F54F938F6DC8 /* Frameworks */ = {
			isa = PBXGroup;
			children = (
				7A024C2139EABBDE90965BC2 /* Pods_ZeotapTravelExplorer.framework */,
			);
			name = Frameworks;
			sourceTree = "<group>";
		};
/* End PBXGroup section */

/* Begin PBXNativeTarget section */
		AA500001 /* ZeotapTravelExplorer */ = {
			isa = PBXNativeTarget;
			buildConfigurationList = AA700002 /* Build configuration list for PBXNativeTarget "ZeotapTravelExplorer" */;
			buildPhases = (
				1A77933750C1A907105A7B9F /* [CP] Check Pods Manifest.lock */,
				AA600001 /* Sources */,
				AA300001 /* Frameworks */,
				AA600002 /* Resources */,
				DF5946108175BA42865D4FD2 /* [CP] Embed Pods Frameworks */,
			);
			buildRules = (
			);
			dependencies = (
			);
			name = ZeotapTravelExplorer;
			productName = ZeotapTravelExplorer;
			productReference = AA200001 /* ZeotapTravelExplorer.app */;
			productType = "com.apple.product-type.application";
		};
/* End PBXNativeTarget section */

/* Begin PBXProject section */
		AA800001 /* Project object */ = {
			isa = PBXProject;
			attributes = {
				BuildIndependentTargetsInParallel = 1;
				LastSwiftUpdateCheck = 1500;
				LastUpgradeCheck = 2620;
				TargetAttributes = {
					AA500001 = {
						CreatedOnToolsVersion = 15.0;
					};
				};
			};
			buildConfigurationList = AA700001 /* Build configuration list for PBXProject "ZeotapTravelExplorer" */;
			compatibilityVersion = "Xcode 14.0";
			developmentRegion = en;
			hasScannedForEncodings = 0;
			knownRegions = (
				en,
				Base,
			);
			mainGroup = AA400001;
			productRefGroup = AA400008 /* Products */;
			projectDirPath = "";
			projectRoot = "";
			targets = (
				AA500001 /* ZeotapTravelExplorer */,
			);
		};
/* End PBXProject section */

/* Begin PBXResourcesBuildPhase section */
		AA600002 /* Resources */ = {
			isa = PBXResourcesBuildPhase;
			buildActionMask = 2147483647;
			files = (
				AA000012 /* Assets.xcassets in Resources */,
			);
			runOnlyForDeploymentPostprocessing = 0;
		};
/* End PBXResourcesBuildPhase section */

/* Begin PBXShellScriptBuildPhase section */
		1A77933750C1A907105A7B9F /* [CP] Check Pods Manifest.lock */ = {
			isa = PBXShellScriptBuildPhase;
			buildActionMask = 2147483647;
			files = (
			);
			inputFileListPaths = (
			);
			inputPaths = (
				"${PODS_PODFILE_DIR_PATH}/Podfile.lock",
				"${PODS_ROOT}/Manifest.lock",
			);
			name = "[CP] Check Pods Manifest.lock";
			outputFileListPaths = (
			);
			outputPaths = (
				"$(DERIVED_FILE_DIR)/Pods-ZeotapTravelExplorer-checkManifestLockResult.txt",
			);
			runOnlyForDeploymentPostprocessing = 0;
			shellPath = /bin/sh;
			shellScript = "diff \"${PODS_PODFILE_DIR_PATH}/Podfile.lock\" \"${PODS_ROOT}/Manifest.lock\" > /dev/null\nif [ $? != 0 ] ; then\n    # print error to STDERR\n    echo \"error: The sandbox is not in sync with the Podfile.lock. Run 'pod install' or update your CocoaPods installation.\" >&2\n    exit 1\nfi\n# This output is used by Xcode 'outputs' to avoid re-running this script phase.\necho \"SUCCESS\" > \"${SCRIPT_OUTPUT_FILE_0}\"\n";
			showEnvVarsInLog = 0;
		};
		DF5946108175BA42865D4FD2 /* [CP] Embed Pods Frameworks */ = {
			isa = PBXShellScriptBuildPhase;
			buildActionMask = 2147483647;
			files = (
			);
			inputFileListPaths = (
				"${PODS_ROOT}/Target Support Files/Pods-ZeotapTravelExplorer/Pods-ZeotapTravelExplorer-frameworks-${CONFIGURATION}-input-files.xcfilelist",
			);
			inputPaths = (
			);
			name = "[CP] Embed Pods Frameworks";
			outputFileListPaths = (
				"${PODS_ROOT}/Target Support Files/Pods-ZeotapTravelExplorer/Pods-ZeotapTravelExplorer-frameworks-${CONFIGURATION}-output-files.xcfilelist",
			);
			outputPaths = (
			);
			runOnlyForDeploymentPostprocessing = 0;
			shellPath = /bin/sh;
			shellScript = "\"${PODS_ROOT}/Target Support Files/Pods-ZeotapTravelExplorer/Pods-ZeotapTravelExplorer-frameworks.sh\"\n";
			showEnvVarsInLog = 0;
		};
/* End PBXShellScriptBuildPhase section */

/* Begin PBXSourcesBuildPhase section */
		AA600001 /* Sources */ = {
			isa = PBXSourcesBuildPhase;
			buildActionMask = 2147483647;
			files = (
				AA000001 /* AppDelegate.swift in Sources */,
				AA000002 /* ConsentViewController.swift in Sources */,
				AA000003 /* LoginViewController.swift in Sources */,
				AA000004 /* CategoryViewController.swift in Sources */,
				AA000005 /* PlaceListViewController.swift in Sources */,
				AA000006 /* PlaceDetailViewController.swift in Sources */,
				AA000007 /* Category.swift in Sources */,
				AA000008 /* Place.swift in Sources */,
				AA000009 /* TravelData.swift in Sources */,
				AA000010 /* CategoryCell.swift in Sources */,
				AA000011 /* PlaceCell.swift in Sources */,
			);
			runOnlyForDeploymentPostprocessing = 0;
		};
/* End PBXSourcesBuildPhase section */

/* Begin XCBuildConfiguration section */
		AA900001 /* Debug */ = {
			isa = XCBuildConfiguration;
			buildSettings = {
				ALWAYS_SEARCH_USER_PATHS = NO;
				ASSETCATALOG_COMPILER_GENERATE_SWIFT_ASSET_SYMBOL_EXTENSIONS = YES;
				CLANG_ANALYZER_NONNULL = YES;
				CLANG_CXX_LANGUAGE_STANDARD = "gnu++20";
				CLANG_ENABLE_MODULES = YES;
				CLANG_ENABLE_OBJC_ARC = YES;
				CLANG_WARN_BLOCK_CAPTURE_AUTORELEASING = YES;
				CLANG_WARN_BOOL_CONVERSION = YES;
				CLANG_WARN_COMMA = YES;
				CLANG_WARN_CONSTANT_CONVERSION = YES;
				CLANG_WARN_DEPRECATED_OBJC_IMPLEMENTATIONS = YES;
				CLANG_WARN_DIRECT_OBJC_ISA_USAGE = YES_ERROR;
				CLANG_WARN_EMPTY_BODY = YES;
				CLANG_WARN_ENUM_CONVERSION = YES;
				CLANG_WARN_INFINITE_RECURSION = YES;
				CLANG_WARN_INT_CONVERSION = YES;
				CLANG_WARN_NON_LITERAL_NULL_CONVERSION = YES;
				CLANG_WARN_OBJC_IMPLICIT_RETAIN_SELF = YES;
				CLANG_WARN_OBJC_LITERAL_CONVERSION = YES;
				CLANG_WARN_OBJC_ROOT_CLASS = YES_ERROR;
				CLANG_WARN_QUOTED_INCLUDE_IN_FRAMEWORK_HEADER = YES;
				CLANG_WARN_RANGE_LOOP_ANALYSIS = YES;
				CLANG_WARN_STRICT_PROTOTYPES = YES;
				CLANG_WARN_SUSPICIOUS_MOVE = YES;
				CLANG_WARN_UNGUARDED_AVAILABILITY = YES_AGGRESSIVE;
				CLANG_WARN_UNREACHABLE_CODE = YES;
				CLANG_WARN__DUPLICATE_METHOD_MATCH = YES;
				COPY_PHASE_STRIP = NO;
				DEBUG_INFORMATION_FORMAT = dwarf;
				ENABLE_STRICT_OBJC_MSGSEND = YES;
				ENABLE_TESTABILITY = YES;
				ENABLE_USER_SCRIPT_SANDBOXING = YES;
				GCC_DYNAMIC_NO_PIC = NO;
				GCC_NO_COMMON_BLOCKS = YES;
				GCC_OPTIMIZATION_LEVEL = 0;
				GCC_PREPROCESSOR_DEFINITIONS = (
					"DEBUG=1",
					"$(inherited)",
				);
				GCC_WARN_64_TO_32_BIT_CONVERSION = YES;
				GCC_WARN_ABOUT_RETURN_TYPE = YES_ERROR;
				GCC_WARN_UNDECLARED_SELECTOR = YES;
				GCC_WARN_UNINITIALIZED_AUTOS = YES_AGGRESSIVE;
				GCC_WARN_UNUSED_FUNCTION = YES;
				GCC_WARN_UNUSED_VARIABLE = YES;
				IPHONEOS_DEPLOYMENT_TARGET = 14.0;
				MTL_ENABLE_DEBUG_INFO = INCLUDE_SOURCE;
				MTL_FAST_MATH = YES;
				ONLY_ACTIVE_ARCH = YES;
				SDKROOT = iphoneos;
				STRING_CATALOG_GENERATE_SYMBOLS = YES;
				SWIFT_ACTIVE_COMPILATION_CONDITIONS = "DEBUG $(inherited)";
				SWIFT_OPTIMIZATION_LEVEL = "-Onone";
			};
			name = Debug;
		};
		AA900002 /* Release */ = {
			isa = XCBuildConfiguration;
			buildSettings = {
				ALWAYS_SEARCH_USER_PATHS = NO;
				ASSETCATALOG_COMPILER_GENERATE_SWIFT_ASSET_SYMBOL_EXTENSIONS = YES;
				CLANG_ANALYZER_NONNULL = YES;
				CLANG_CXX_LANGUAGE_STANDARD = "gnu++20";
				CLANG_ENABLE_MODULES = YES;
				CLANG_ENABLE_OBJC_ARC = YES;
				CLANG_WARN_BLOCK_CAPTURE_AUTORELEASING = YES;
				CLANG_WARN_BOOL_CONVERSION = YES;
				CLANG_WARN_COMMA = YES;
				CLANG_WARN_CONSTANT_CONVERSION = YES;
				CLANG_WARN_DEPRECATED_OBJC_IMPLEMENTATIONS = YES;
				CLANG_WARN_DIRECT_OBJC_ISA_USAGE = YES_ERROR;
				CLANG_WARN_EMPTY_BODY = YES;
				CLANG_WARN_ENUM_CONVERSION = YES;
				CLANG_WARN_INFINITE_RECURSION = YES;
				CLANG_WARN_INT_CONVERSION = YES;
				CLANG_WARN_NON_LITERAL_NULL_CONVERSION = YES;
				CLANG_WARN_OBJC_IMPLICIT_RETAIN_SELF = YES;
				CLANG_WARN_OBJC_LITERAL_CONVERSION = YES;
				CLANG_WARN_OBJC_ROOT_CLASS = YES_ERROR;
				CLANG_WARN_QUOTED_INCLUDE_IN_FRAMEWORK_HEADER = YES;
				CLANG_WARN_RANGE_LOOP_ANALYSIS = YES;
				CLANG_WARN_STRICT_PROTOTYPES = YES;
				CLANG_WARN_SUSPICIOUS_MOVE = YES;
				CLANG_WARN_UNGUARDED_AVAILABILITY = YES_AGGRESSIVE;
				CLANG_WARN_UNREACHABLE_CODE = YES;
				CLANG_WARN__DUPLICATE_METHOD_MATCH = YES;
				COPY_PHASE_STRIP = NO;
				DEBUG_INFORMATION_FORMAT = "dwarf-with-dsym";
				ENABLE_NS_ASSERTIONS = NO;
				ENABLE_STRICT_OBJC_MSGSEND = YES;
				ENABLE_USER_SCRIPT_SANDBOXING = YES;
				GCC_NO_COMMON_BLOCKS = YES;
				GCC_WARN_64_TO_32_BIT_CONVERSION = YES;
				GCC_WARN_ABOUT_RETURN_TYPE = YES_ERROR;
				GCC_WARN_UNDECLARED_SELECTOR = YES;
				GCC_WARN_UNINITIALIZED_AUTOS = YES_AGGRESSIVE;
				GCC_WARN_UNUSED_FUNCTION = YES;
				GCC_WARN_UNUSED_VARIABLE = YES;
				IPHONEOS_DEPLOYMENT_TARGET = 14.0;
				MTL_ENABLE_DEBUG_INFO = NO;
				MTL_FAST_MATH = YES;
				SDKROOT = iphoneos;
				STRING_CATALOG_GENERATE_SYMBOLS = YES;
				SWIFT_COMPILATION_MODE = wholemodule;
				VALIDATE_PRODUCT = YES;
			};
			name = Release;
		};
		AA900003 /* Debug */ = {
			isa = XCBuildConfiguration;
			baseConfigurationReference = 769D93310EB279BAB058AF9C /* Pods-ZeotapTravelExplorer.debug.xcconfig */;
			buildSettings = {
				ASSETCATALOG_COMPILER_APPICON_NAME = AppIcon;
				ASSETCATALOG_COMPILER_GLOBAL_ACCENT_COLOR_NAME = AccentColor;
				CODE_SIGN_STYLE = Automatic;
				CURRENT_PROJECT_VERSION = 1;
				GENERATE_INFOPLIST_FILE = NO;
				INFOPLIST_FILE = ZeotapTravelExplorer/Info.plist;
				INFOPLIST_KEY_UIApplicationSupportsIndirectInputEvents = YES;
				INFOPLIST_KEY_UISupportedInterfaceOrientations = UIInterfaceOrientationPortrait;
				IPHONEOS_DEPLOYMENT_TARGET = 14.0;
				LD_RUNPATH_SEARCH_PATHS = (
					"$(inherited)",
					"@executable_path/Frameworks",
				);
				MARKETING_VERSION = 1.0;
				PRODUCT_BUNDLE_IDENTIFIER = com.zeotap.travelexplorer;
				PRODUCT_NAME = "$(TARGET_NAME)";
				SWIFT_EMIT_LOC_STRINGS = YES;
				SWIFT_VERSION = 5.0;
				TARGETED_DEVICE_FAMILY = "1,2";
			};
			name = Debug;
		};
		AA900004 /* Release */ = {
			isa = XCBuildConfiguration;
			baseConfigurationReference = 16CF27F8CBF4E28774A7EAD0 /* Pods-ZeotapTravelExplorer.release.xcconfig */;
			buildSettings = {
				ASSETCATALOG_COMPILER_APPICON_NAME = AppIcon;
				ASSETCATALOG_COMPILER_GLOBAL_ACCENT_COLOR_NAME = AccentColor;
				CODE_SIGN_STYLE = Automatic;
				CURRENT_PROJECT_VERSION = 1;
				GENERATE_INFOPLIST_FILE = NO;
				INFOPLIST_FILE = ZeotapTravelExplorer/Info.plist;
				INFOPLIST_KEY_UIApplicationSupportsIndirectInputEvents = YES;
				INFOPLIST_KEY_UISupportedInterfaceOrientations = UIInterfaceOrientationPortrait;
				IPHONEOS_DEPLOYMENT_TARGET = 14.0;
				LD_RUNPATH_SEARCH_PATHS = (
					"$(inherited)",
					"@executable_path/Frameworks",
				);
				MARKETING_VERSION = 1.0;
				PRODUCT_BUNDLE_IDENTIFIER = com.zeotap.travelexplorer;
				PRODUCT_NAME = "$(TARGET_NAME)";
				SWIFT_EMIT_LOC_STRINGS = YES;
				SWIFT_VERSION = 5.0;
				TARGETED_DEVICE_FAMILY = "1,2";
			};
			name = Release;
		};
/* End XCBuildConfiguration section */

/* Begin XCConfigurationList section */
		AA700001 /* Build configuration list for PBXProject "ZeotapTravelExplorer" */ = {
			isa = XCConfigurationList;
			buildConfigurations = (
				AA900001 /* Debug */,
				AA900002 /* Release */,
			);
			defaultConfigurationIsVisible = 0;
			defaultConfigurationName = Release;
		};
		AA700002 /* Build configuration list for PBXNativeTarget "ZeotapTravelExplorer" */ = {
			isa = XCConfigurationList;
			buildConfigurations = (
				AA900003 /* Debug */,
				AA900004 /* Release */,
			);
			defaultConfigurationIsVisible = 0;
			defaultConfigurationName = Release;
		};
/* End XCConfigurationList section */
	};
	rootObject = AA800001 /* Project object */;
}
